
Microsoft Visual Studio Solution File, Format Version 12.00
# Visual Studio Version 16
VisualStudioVersion = 16.0.31229.75
MinimumVisualStudioVersion = 10.0.40219.1
Project("{9A19103F-16F7-4668-BE54-9A1E7A4F7556}") = "MDS-Tests", "MDS-Tests.csproj", "{0FF72C6F-8846-4CB8-B85A-A8AB532FDF4F}"
EndProject
Global
	GlobalSection(SolutionConfigurationPlatforms) = preSolution
		Debug|Any CPU = Debug|Any CPU
		Release|Any CPU = Release|Any CPU
	EndGlobalSection
	GlobalSection(ProjectConfigurationPlatforms) = postSolution
		{0FF72C6F-8846-4CB8-B85A-A8AB532FDF4F}.Debug|Any CPU.ActiveCfg = Debug|Any CPU
		{0FF72C6F-8846-4CB8-B85A-A8AB532FDF4F}.Debug|Any CPU.Build.0 = Debug|Any CPU
		{0FF72C6F-8846-4CB8-B85A-A8AB532FDF4F}.Release|Any CPU.ActiveCfg = Release|Any CPU
		{0FF72C6F-8846-4CB8-B85A-A8AB532FDF4F}.Release|Any CPU.Build.0 = Release|Any CPU
	EndGlobalSection
	GlobalSection(SolutionProperties) = preSolution
		HideSolutionNode = FALSE
	EndGlobalSection
	GlobalSection(ExtensibilityGlobals) = postSolution
		SolutionGuid = {89D486FA-0759-48B7-93F5-87E83A97A2CE}
	EndGlobalSection
EndGlobal
